
Microsoft Visual Studio Solution File, Format Version 12.00
# Visual Studio Version 16
VisualStudioVersion = 16.0.29424.173
MinimumVisualStudioVersion = 10.0.40219.1
Project("{FAE04EC0-301F-11D3-BF4B-00C04F79EFBC}") = "A1CWebCS", "A1CWebCS\A1CWebCS.csproj", "{89836463-603C-4CBF-ABC9-3F38350B9CEF}"
EndProject
Global
	GlobalSection(SolutionConfigurationPlatforms) = preSolution
		Debug|Any CPU = Debug|Any CPU
		Release|Any CPU = Release|Any CPU
	EndGlobalSection
	GlobalSection(ProjectConfigurationPlatforms) = postSolution
		{89836463-603C-4CBF-ABC9-3F38350B9CEF}.Debug|Any CPU.ActiveCfg = Debug|Any CPU
		{89836463-603C-4CBF-ABC9-3F38350B9CEF}.Debug|Any CPU.Build.0 = Debug|Any CPU
		{89836463-603C-4CBF-ABC9-3F38350B9CEF}.Release|Any CPU.ActiveCfg = Release|Any CPU
		{89836463-603C-4CBF-ABC9-3F38350B9CEF}.Release|Any CPU.Build.0 = Release|Any CPU
	EndGlobalSection
	GlobalSection(SolutionProperties) = preSolution
		HideSolutionNode = FALSE
	EndGlobalSection
	GlobalSection(ExtensibilityGlobals) = postSolution
		SolutionGuid = {98210F03-6C8D-4BE0-858F-DC683087BBC8}
	EndGlobalSection
EndGlobal
